
Microsoft Visual Studio Solution File, Format Version 12.00
# Visual Studio Version 17
VisualStudioVersion = 17.14.36414.22 d17.14
MinimumVisualStudioVersion = 10.0.40219.1
Project("{FAE04EC0-301F-11D3-BF4B-00C04F79EFBC}") = "DemoUnitTest_ConsoleApp", "DemoUnitTest_ConsoleApp\DemoUnitTest_ConsoleApp.csproj", "{90F666DC-1874-45A3-A29D-EA66055F6B62}"
EndProject
Project("{FAE04EC0-301F-11D3-BF4B-00C04F79EFBC}") = "UnitTest", "UnitTest\UnitTest.csproj", "{E1F46D61-D3AE-45BA-8043-D7BAD3F9E747}"
EndProject
Global
	GlobalSection(SolutionConfigurationPlatforms) = preSolution
		Debug|Any CPU = Debug|Any CPU
		Release|Any CPU = Release|Any CPU
	EndGlobalSection
	GlobalSection(ProjectConfigurationPlatforms) = postSolution
		{90F666DC-1874-45A3-A29D-EA66055F6B62}.Debug|Any CPU.ActiveCfg = Debug|Any CPU
		{90F666DC-1874-45A3-A29D-EA66055F6B62}.Debug|Any CPU.Build.0 = Debug|Any CPU
		{90F666DC-1874-45A3-A29D-EA66055F6B62}.Release|Any CPU.ActiveCfg = Release|Any CPU
		{90F666DC-1874-45A3-A29D-EA66055F6B62}.Release|Any CPU.Build.0 = Release|Any CPU
		{E1F46D61-D3AE-45BA-8043-D7BAD3F9E747}.Debug|Any CPU.ActiveCfg = Debug|Any CPU
		{E1F46D61-D3AE-45BA-8043-D7BAD3F9E747}.Debug|Any CPU.Build.0 = Debug|Any CPU
		{E1F46D61-D3AE-45BA-8043-D7BAD3F9E747}.Release|Any CPU.ActiveCfg = Release|Any CPU
		{E1F46D61-D3AE-45BA-8043-D7BAD3F9E747}.Release|Any CPU.Build.0 = Release|Any CPU
	EndGlobalSection
	GlobalSection(SolutionProperties) = preSolution
		HideSolutionNode = FALSE
	EndGlobalSection
	GlobalSection(ExtensibilityGlobals) = postSolution
		SolutionGuid = {C6122BD7-BB7F-491E-9644-8DBDA3B0F604}
	EndGlobalSection
EndGlobal
